
Microsoft Visual Studio Solution File, Format Version 12.00
# Visual Studio Version 17
VisualStudioVersion = 17.2.32602.215
MinimumVisualStudioVersion = 10.0.40219.1
Project("{FAE04EC0-301F-11D3-BF4B-00C04F79EFBC}") = "BL", "BL\BL.csproj", "{3F2A458C-91FA-42CE-B6FA-934641C9E511}"
EndProject
Project("{FAE04EC0-301F-11D3-BF4B-00C04F79EFBC}") = "DL", "DL\DL.csproj", "{9CB0037E-7D69-40D8-B448-B2C21E279EDD}"
EndProject
Project("{FAE04EC0-301F-11D3-BF4B-00C04F79EFBC}") = "ML", "ML\ML.csproj", "{5399F3F6-F495-4F69-8E6E-7F2B42613C36}"
EndProject
Project("{FAE04EC0-301F-11D3-BF4B-00C04F79EFBC}") = "PL", "PL\PL.csproj", "{E8C19DB5-7080-4A65-8423-020A83F5B23B}"
	ProjectSection(ProjectDependencies) = postProject
		{C6001A4B-72D6-4C7F-8CD7-0F72247FF3BB} = {C6001A4B-72D6-4C7F-8CD7-0F72247FF3BB}
		{E150165E-72FE-4581-80CB-9866EAA661FF} = {E150165E-72FE-4581-80CB-9866EAA661FF}
	EndProjectSection
EndProject
Project("{FAE04EC0-301F-11D3-BF4B-00C04F79EFBC}") = "DL_EF", "DL_EF\DL_EF.csproj", "{80C55C0A-378F-44AA-8541-6F84F45B7477}"
EndProject
Project("{FAE04EC0-301F-11D3-BF4B-00C04F79EFBC}") = "PL_MVC", "PL_MVC\PL_MVC.csproj", "{FAC2D794-C51F-4A68-876D-D9A20ED883FD}"
	ProjectSection(ProjectDependencies) = postProject
		{C6001A4B-72D6-4C7F-8CD7-0F72247FF3BB} = {C6001A4B-72D6-4C7F-8CD7-0F72247FF3BB}
		{E150165E-72FE-4581-80CB-9866EAA661FF} = {E150165E-72FE-4581-80CB-9866EAA661FF}
	EndProjectSection
EndProject
Project("{FAE04EC0-301F-11D3-BF4B-00C04F79EFBC}") = "SL_WCF", "SL_WCF\SL_WCF.csproj", "{E150165E-72FE-4581-80CB-9866EAA661FF}"
EndProject
Project("{FAE04EC0-301F-11D3-BF4B-00C04F79EFBC}") = "SL_WEPAPI", "SL_WEPAPI\SL_WEPAPI.csproj", "{5F80E475-272E-4B12-9561-5C92C88A4606}"
EndProject
Project("{FAE04EC0-301F-11D3-BF4B-00C04F79EFBC}") = "SL_WCF1", "SL_WCF1\SL_WCF1.csproj", "{C6001A4B-72D6-4C7F-8CD7-0F72247FF3BB}"
EndProject
Global
	GlobalSection(SolutionConfigurationPlatforms) = preSolution
		Debug|Any CPU = Debug|Any CPU
		Release|Any CPU = Release|Any CPU
	EndGlobalSection
	GlobalSection(ProjectConfigurationPlatforms) = postSolution
		{3F2A458C-91FA-42CE-B6FA-934641C9E511}.Debug|Any CPU.ActiveCfg = Debug|Any CPU
		{3F2A458C-91FA-42CE-B6FA-934641C9E511}.Debug|Any CPU.Build.0 = Debug|Any CPU
		{3F2A458C-91FA-42CE-B6FA-934641C9E511}.Release|Any CPU.ActiveCfg = Release|Any CPU
		{3F2A458C-91FA-42CE-B6FA-934641C9E511}.Release|Any CPU.Build.0 = Release|Any CPU
		{9CB0037E-7D69-40D8-B448-B2C21E279EDD}.Debug|Any CPU.ActiveCfg = Debug|Any CPU
		{9CB0037E-7D69-40D8-B448-B2C21E279EDD}.Debug|Any CPU.Build.0 = Debug|Any CPU
		{9CB0037E-7D69-40D8-B448-B2C21E279EDD}.Release|Any CPU.ActiveCfg = Release|Any CPU
		{9CB0037E-7D69-40D8-B448-B2C21E279EDD}.Release|Any CPU.Build.0 = Release|Any CPU
		{5399F3F6-F495-4F69-8E6E-7F2B42613C36}.Debug|Any CPU.ActiveCfg = Debug|Any CPU
		{5399F3F6-F495-4F69-8E6E-7F2B42613C36}.Debug|Any CPU.Build.0 = Debug|Any CPU
		{5399F3F6-F495-4F69-8E6E-7F2B42613C36}.Release|Any CPU.ActiveCfg = Release|Any CPU
		{5399F3F6-F495-4F69-8E6E-7F2B42613C36}.Release|Any CPU.Build.0 = Release|Any CPU
		{E8C19DB5-7080-4A65-8423-020A83F5B23B}.Debug|Any CPU.ActiveCfg = Debug|Any CPU
		{E8C19DB5-7080-4A65-8423-020A83F5B23B}.Debug|Any CPU.Build.0 = Debug|Any CPU
		{E8C19DB5-7080-4A65-8423-020A83F5B23B}.Release|Any CPU.ActiveCfg = Release|Any CPU
		{E8C19DB5-7080-4A65-8423-020A83F5B23B}.Release|Any CPU.Build.0 = Release|Any CPU
		{80C55C0A-378F-44AA-8541-6F84F45B7477}.Debug|Any CPU.ActiveCfg = Debug|Any CPU
		{80C55C0A-378F-44AA-8541-6F84F45B7477}.Debug|Any CPU.Build.0 = Debug|Any CPU
		{80C55C0A-378F-44AA-8541-6F84F45B7477}.Release|Any CPU.ActiveCfg = Release|Any CPU
		{80C55C0A-378F-44AA-8541-6F84F45B7477}.Release|Any CPU.Build.0 = Release|Any CPU
		{FAC2D794-C51F-4A68-876D-D9A20ED883FD}.Debug|Any CPU.ActiveCfg = Debug|Any CPU
		{FAC2D794-C51F-4A68-876D-D9A20ED883FD}.Debug|Any CPU.Build.0 = Debug|Any CPU
		{FAC2D794-C51F-4A68-876D-D9A20ED883FD}.Release|Any CPU.ActiveCfg = Release|Any CPU
		{FAC2D794-C51F-4A68-876D-D9A20ED883FD}.Release|Any CPU.Build.0 = Release|Any CPU
		{E150165E-72FE-4581-80CB-9866EAA661FF}.Debug|Any CPU.ActiveCfg = Debug|Any CPU
		{E150165E-72FE-4581-80CB-9866EAA661FF}.Debug|Any CPU.Build.0 = Debug|Any CPU
		{E150165E-72FE-4581-80CB-9866EAA661FF}.Release|Any CPU.ActiveCfg = Release|Any CPU
		{E150165E-72FE-4581-80CB-9866EAA661FF}.Release|Any CPU.Build.0 = Release|Any CPU
		{5F80E475-272E-4B12-9561-5C92C88A4606}.Debug|Any CPU.ActiveCfg = Debug|Any CPU
		{5F80E475-272E-4B12-9561-5C92C88A4606}.Debug|Any CPU.Build.0 = Debug|Any CPU
		{5F80E475-272E-4B12-9561-5C92C88A4606}.Release|Any CPU.ActiveCfg = Release|Any CPU
		{5F80E475-272E-4B12-9561-5C92C88A4606}.Release|Any CPU.Build.0 = Release|Any CPU
		{C6001A4B-72D6-4C7F-8CD7-0F72247FF3BB}.Debug|Any CPU.ActiveCfg = Debug|Any CPU
		{C6001A4B-72D6-4C7F-8CD7-0F72247FF3BB}.Debug|Any CPU.Build.0 = Debug|Any CPU
		{C6001A4B-72D6-4C7F-8CD7-0F72247FF3BB}.Release|Any CPU.ActiveCfg = Release|Any CPU
		{C6001A4B-72D6-4C7F-8CD7-0F72247FF3BB}.Release|Any CPU.Build.0 = Release|Any CPU
	EndGlobalSection
	GlobalSection(SolutionProperties) = preSolution
		HideSolutionNode = FALSE
	EndGlobalSection
	GlobalSection(ExtensibilityGlobals) = postSolution
		SolutionGuid = {02B4CF3B-A385-4968-89D0-07D833687B09}
	EndGlobalSection
EndGlobal
